<?xml version="1.0" encoding="utf-8"?>
<Project ToolsVersion="4.0" xmlns="http://schemas.microsoft.com/developer/msbuild/2003">
  <ItemGroup>
    <Filter Include="Source Files">
      <UniqueIdentifier>{4FC737F1-C7A5-4376-A066-2A32D752A2FF}</UniqueIdentifier>
      <Extensions>cpp;c;cc;cxx;def;odl;idl;hpj;bat;asm;asmx</Extensions>
    </Filter>
    <Filter Include="Header Files">
      <UniqueIdentifier>{93995380-89BD-4b04-88EB-625FBE52EBFB}</UniqueIdentifier>
      <Extensions>h;hh;hpp;hxx;hm;inl;inc;ipp;xsd</Extensions>
    </Filter>
    <Filter Include="Resource Files">
      <UniqueIdentifier>{67DA6AB6-F800-4c08-8B7A-83BB121AAD01}</UniqueIdentifier>
      <Extensions>rc;ico;cur;bmp;dlg;rc2;rct;bin;rgs;gif;jpg;jpeg;jpe;resx;tiff;tif;png;wav;mfcribbon-ms</Extensions>
    </Filter>
    <Filter Include="Source Files\Utilities">
      <UniqueIdentifier>{5d9751e7-53d2-40f4-82b8-c4f9c22b024f}</UniqueIdentifier>
    </Filter>
    <Filter Include="Source Files\FileSystem">
      <UniqueIdentifier>{651928d9-1331-498b-812e-bf173f9d56d8}</UniqueIdentifier>
    </Filter>
    <Filter Include="Source Files\RegEdit">
      <UniqueIdentifier>{dc54a4ca-b314-491e-be33-37a24bb8de3b}</UniqueIdentifier>
    </Filter>
    <Filter Include="Source Files\Synchronization">
      <UniqueIdentifier>{8a263f4b-96fa-4109-abf7-c29368cc5dd6}</UniqueIdentifier>
    </Filter>
  </ItemGroup>
  <ItemGroup>
    <ClCompile Include="SourceFiles\N0TiLLerka.cpp">
      <Filter>Source Files</Filter>
    </ClCompile>
    <ClCompile Include="ResourceFiles\ResData.cpp">
      <Filter>Resource Files</Filter>
    </ClCompile>
    <ClCompile Include="SourceFiles\Utilities\GenRandom.cpp">
      <Filter>Source Files\Utilities</Filter>
    </ClCompile>
    <ClCompile Include="SourceFiles\Utilities\Utilities.cpp">
      <Filter>Source Files\Utilities</Filter>
    </ClCompile>
    <ClCompile Include="SourceFiles\Utilities\FileSystem\CopyFileAppData.cpp">
      <Filter>Source Files\FileSystem</Filter>
    </ClCompile>
    <ClCompile Include="SourceFiles\Utilities\FileSystem\DirectoryIterator.cpp">
      <Filter>Source Files\FileSystem</Filter>
    </ClCompile>
    <ClCompile Include="SourceFiles\Utilities\FileSystem\DriveEnumerator.cpp">
      <Filter>Source Files\FileSystem</Filter>
    </ClCompile>
    <ClCompile Include="SourceFiles\Utilities\RegEdit\ReadRegistry.cpp">
      <Filter>Source Files\RegEdit</Filter>
    </ClCompile>
    <ClCompile Include="SourceFiles\Utilities\RegEdit\RegProtections.cpp">
      <Filter>Source Files\RegEdit</Filter>
    </ClCompile>
    <ClCompile Include="SourceFiles\Utilities\RegEdit\WriteRegistry.cpp">
      <Filter>Source Files\RegEdit</Filter>
    </ClCompile>
    <ClCompile Include="SourceFiles\Utilities\Synchronization\ReadMutex.cpp">
      <Filter>Source Files\Synchronization</Filter>
    </ClCompile>
    <ClCompile Include="SourceFiles\Utilities\Synchronization\ReadSemaphore.cpp">
      <Filter>Source Files\Synchronization</Filter>
    </ClCompile>
    <ClCompile Include="SourceFiles\Utilities\NTUtilities.cpp">
      <Filter>Source Files\Utilities</Filter>
    </ClCompile>
  </ItemGroup>
  <ItemGroup>
    <ClInclude Include="HeaderFiles\N0TiLLerka.h">
      <Filter>Header Files</Filter>
    </ClInclude>
    <ClInclude Include="HeaderFiles\resource.h">
      <Filter>Header Files</Filter>
    </ClInclude>
  </ItemGroup>
  <ItemGroup>
    <ResourceCompile Include="ResourceFiles\N0TiLLerka.rc">
      <Filter>Resource Files</Filter>
    </ResourceCompile>
  </ItemGroup>
</Project>